{
  "lockfileVersion": 3,
  "name": "grindlab-e2e",
  "packages": {
    "": {
      "devDependencies": {
        "@playwright/test": "^1.42.0"
      },
      "name": "grindlab-e2e",
      "version": "1.0.0"
    },
    "node_modules/@playwright/test": {
      "bin": {
        "playwright": "cli.js"
      },
      "dependencies": {
        "playwright": "1.57.0"
      },
      "dev": true,
      "engines": {
        "node": ">=18"
      },
      "integrity": "sha512-6TyEnHgd6SArQO8UO2OMTxshln3QMWBtPGrOCgs3wVEmQmwyuNtB10IZMfmYDE0riwNR1cu4q+pPcxMVtaG3TA==",
      "license": "Apache-2.0",
      "resolved": "https://registry.npmjs.org/@playwright/test/-/test-1.57.0.tgz",
      "version": "1.57.0"
    },
    "node_modules/fsevents": {
      "dev": true,
      "engines": {
        "node": "^8.16.0 || ^10.6.0 || >=11.0.0"
      },
      "hasInstallScript": true,
      "integrity": "sha512-xiqMQR4xAeHTuB9uWm+fFRcIOgKBMiOBP+eXiyT7jsgVCq1bkVygt00oASowB7EdtpOHaaPgKt812P9ab+DDKA==",
      "license": "MIT",
      "optional": true,
      "os": [
        "darwin"
      ],
      "resolved": "https://registry.npmjs.org/fsevents/-/fsevents-2.3.2.tgz",
      "version": "2.3.2"
    },
    "node_modules/playwright": {
      "bin": {
        "playwright": "cli.js"
      },
      "dependencies": {
        "playwright-core": "1.57.0"
      },
      "dev": true,
      "engines": {
        "node": ">=18"
      },
      "integrity": "sha512-ilYQj1s8sr2ppEJ2YVadYBN0Mb3mdo9J0wQ+UuDhzYqURwSoW4n1Xs5vs7ORwgDGmyEh33tRMeS8KhdkMoLXQw==",
      "license": "Apache-2.0",
      "optionalDependencies": {
        "fsevents": "2.3.2"
      },
      "resolved": "https://registry.npmjs.org/playwright/-/playwright-1.57.0.tgz",
      "version": "1.57.0"
    },
    "node_modules/playwright-core": {
      "bin": {
        "playwright-core": "cli.js"
      },
      "dev": true,
      "engines": {
        "node": ">=18"
      },
      "integrity": "sha512-agTcKlMw/mjBWOnD6kFZttAAGHgi/Nw0CZ2o6JqWSbMlI219lAFLZZCyqByTsvVAJq5XA5H8cA6PrvBRpBWEuQ==",
      "license": "Apache-2.0",
      "resolved": "https://registry.npmjs.org/playwright-core/-/playwright-core-1.57.0.tgz",
      "version": "1.57.0"
    }
  },
  "requires": true,
  "version": "1.0.0"
}
